Microsoft Visual Studio Solution File, Format Version 12.00
# Visual Studio 2013
VisualStudioVersion = 12.0.31101.0
MinimumVisualStudioVersion = 10.0.40219.1
Project("{8BC9CEB8-8B4A-11D0-8D11-00A0C91BC942}") = "kln90b", "kln_usss.vcxproj", "{520FE4F8-23A3-4410-9921-0AF6134FD8C9}"
EndProject
Global
	GlobalSection(SolutionConfigurationPlatforms) = preSolution
		Debug|Win32 = Debug|Win32
		NewRelease|Win32 = NewRelease|Win32
		Release|Win32 = Release|Win32
		USSS_KLN_DEBUG|Win32 = USSS_KLN_DEBUG|Win32
		USSS_KLN_RELEASE|Win32 = USSS_KLN_RELEASE|Win32
		USSS_KLN|Win32 = USSS_KLN|Win32
	EndGlobalSection
	GlobalSection(ProjectConfigurationPlatforms) = postSolution
		{520FE4F8-23A3-4410-9921-0AF6134FD8C9}.Debug|Win32.ActiveCfg = Debug|Win32
		{520FE4F8-23A3-4410-9921-0AF6134FD8C9}.Debug|Win32.Build.0 = Debug|Win32
		{520FE4F8-23A3-4410-9921-0AF6134FD8C9}.NewRelease|Win32.ActiveCfg = NewRelease|Win32
		{520FE4F8-23A3-4410-9921-0AF6134FD8C9}.NewRelease|Win32.Build.0 = NewRelease|Win32
		{520FE4F8-23A3-4410-9921-0AF6134FD8C9}.Release|Win32.ActiveCfg = Release|Win32
		{520FE4F8-23A3-4410-9921-0AF6134FD8C9}.Release|Win32.Build.0 = Release|Win32
		{520FE4F8-23A3-4410-9921-0AF6134FD8C9}.USSS_KLN_DEBUG|Win32.ActiveCfg = USSS_KLN|Win32
		{520FE4F8-23A3-4410-9921-0AF6134FD8C9}.USSS_KLN_DEBUG|Win32.Build.0 = USSS_KLN|Win32
		{520FE4F8-23A3-4410-9921-0AF6134FD8C9}.USSS_KLN_RELEASE|Win32.ActiveCfg = USSS_KLN_RELEASE|Win32
		{520FE4F8-23A3-4410-9921-0AF6134FD8C9}.USSS_KLN_RELEASE|Win32.Build.0 = USSS_KLN_RELEASE|Win32
		{520FE4F8-23A3-4410-9921-0AF6134FD8C9}.USSS_KLN|Win32.ActiveCfg = USSS_KLN|Win32
		{520FE4F8-23A3-4410-9921-0AF6134FD8C9}.USSS_KLN|Win32.Build.0 = USSS_KLN|Win32
	EndGlobalSection
	GlobalSection(SolutionProperties) = preSolution
		HideSolutionNode = FALSE
	EndGlobalSection
EndGlobal
